{
  "name": "patient-data-rest-backend",
  "version": "1.0.0",
  "lockfileVersion": 2,
  "requires": true,
  "packages": {
    "": {
      "name": "patient-data-rest-backend",
      "version": "1.0.0",
      "license": "ISC",
      "dependencies": {
        "expres": "^0.0.5"
      }
    },
    "node_modules/expres": {
      "version": "0.0.5",
      "resolved": "https://registry.npmjs.org/expres/-/expres-0.0.5.tgz",
      "integrity": "sha1-v0SEdJ+DkgyxFta69tojAiDR+5w="
    }
  },
  "dependencies": {
    "expres": {
      "version": "0.0.5",
      "resolved": "https://registry.npmjs.org/expres/-/expres-0.0.5.tgz",
      "integrity": "sha1-v0SEdJ+DkgyxFta69tojAiDR+5w="
    }
  }
}
